
Microsoft Visual Studio Solution File, Format Version 12.00
# Visual Studio Version 16
VisualStudioVersion = 25.0.1704.4
MinimumVisualStudioVersion = 10.0.40219.1
Project("{FAE04EC0-301F-11D3-BF4B-00C04F79EFBC}") = "MagicVila_API", "MagicVila_API.csproj", "{663F0E95-B064-4CA8-AAFC-EDDC9AD1AB63}"
EndProject
Global
	GlobalSection(SolutionConfigurationPlatforms) = preSolution
		Debug|Any CPU = Debug|Any CPU
		Release|Any CPU = Release|Any CPU
	EndGlobalSection
	GlobalSection(ProjectConfigurationPlatforms) = postSolution
		{663F0E95-B064-4CA8-AAFC-EDDC9AD1AB63}.Debug|Any CPU.ActiveCfg = Debug|Any CPU
		{663F0E95-B064-4CA8-AAFC-EDDC9AD1AB63}.Debug|Any CPU.Build.0 = Debug|Any CPU
		{663F0E95-B064-4CA8-AAFC-EDDC9AD1AB63}.Release|Any CPU.ActiveCfg = Release|Any CPU
		{663F0E95-B064-4CA8-AAFC-EDDC9AD1AB63}.Release|Any CPU.Build.0 = Release|Any CPU
	EndGlobalSection
	GlobalSection(SolutionProperties) = preSolution
		HideSolutionNode = FALSE
	EndGlobalSection
	GlobalSection(ExtensibilityGlobals) = postSolution
		SolutionGuid = {C4AE3F82-7F8A-4F02-99CE-4CC2C58ECC6E}
	EndGlobalSection
EndGlobal
